// !$*UTF8*$!
{
	archiveVersion = 1;
	classes = {
	};
	objectVersion = 46;
	objects = {

/* Begin PBXBuildFile section */
		81CE8C651D1D9D6200E28E57 /* AppDelegate.swift in Sources */ = {isa = PBXBuildFile; fileRef = 81CE8C641D1D9D6200E28E57 /* AppDelegate.swift */; };
		81CE8C671D1D9D6200E28E57 /* ViewController.swift in Sources */ = {isa = PBXBuildFile; fileRef = 81CE8C661D1D9D6200E28E57 /* ViewController.swift */; };
		81CE8C6A1D1D9D6200E28E57 /* Main.storyboard in Resources */ = {isa = PBXBuildFile; fileRef = 81CE8C681D1D9D6200E28E57 /* Main.storyboard */; };
		81CE8C6C1D1D9D6200E28E57 /* Assets.xcassets in Resources */ = {isa = PBXBuildFile; fileRef = 81CE8C6B1D1D9D6200E28E57 /* Assets.xcassets */; };
		81CE8C6F1D1D9D6200E28E57 /* LaunchScreen.storyboard in Resources */ = {isa = PBXBuildFile; fileRef = 81CE8C6D1D1D9D6200E28E57 /* LaunchScreen.storyboard */; };
/* End PBXBuildFile section */

/* Begin PBXFileReference section */
		81CE8C611D1D9D6200E28E57 /* LN_TrashSort.app */ = {isa = PBXFileReference; explicitFileType = wrapper.application; includeInIndex = 0; path = LN_TrashSort.app; sourceTree = BUILT_PRODUCTS_DIR; };
		81CE8C641D1D9D6200E28E57 /* AppDelegate.swift */ = {isa = PBXFileReference; lastKnownFileType = sourcecode.swift; path = AppDelegate.swift; sourceTree = "<group>"; };
		81CE8C661D1D9D6200E28E57 /* ViewController.swift */ = {isa = PBXFileReference; lastKnownFileType = sourcecode.swift; path = ViewController.swift; sourceTree = "<group>"; };
		81CE8C691D1D9D6200E28E57 /* Base */ = {isa = PBXFileReference; lastKnownFileType = file.storyboard; name = Base; path = Base.lproj/Main.storyboard; sourceTree = "<group>"; };
		81CE8C6B1D1D9D6200E28E57 /* Assets.xcassets */ = {isa = PBXFileReference; lastKnownFileType = folder.assetcatalog; path = Assets.xcassets; sourceTree = "<group>"; };
		81CE8C6E1D1D9D6200E28E57 /* Base */ = {isa = PBXFileReference; lastKnownFileType = file.storyboard; name = Base; path = Base.lproj/LaunchScreen.storyboard; sourceTree = "<group>"; };
		81CE8C701D1D9D6200E28E57 /* Info.plist */ = {isa = PBXFileReference; lastKnownFileType = text.plist.xml; path = Info.plist; sourceTree = "<group>"; };
/* End PBXFileReference section */

/* Begin PBXFrameworksBuildPhase section */
		81CE8C5E1D1D9D6200E28E57 /* Frameworks */ = {
			isa = PBXFrameworksBuildPhase;
			buildActionMask = 2147483647;
			files = (
			);
			runOnlyForDeploymentPostprocessing = 0;
		};
/* End PBXFrameworksBuildPhase section */

/* Begin PBXGroup section */
		81CE8C581D1D9D6100E28E57 = {
			isa = PBXGroup;
			children = (
				81CE8C631D1D9D6200E28E57 /* LN_TrashSort */,
				81CE8C621D1D9D6200E28E57 /* Products */,
			);
			sourceTree = "<group>";
		};
		81CE8C621D1D9D6200E28E57 /* Products */ = {
			isa = PBXGroup;
			children = (
				81CE8C611D1D9D6200E28E57 /* LN_TrashSort.app */,
			);
			name = Products;
			sourceTree = "<group>";
		};
		81CE8C631D1D9D6200E28E57 /* LN_TrashSort */ = {
			isa = PBXGroup;
			children = (
				81CE8C641D1D9D6200E28E57 /* AppDelegate.swift */,
				81CE8C661D1D9D6200E28E57 /* ViewController.swift */,
				81CE8C681D1D9D6200E28E57 /* Main.storyboard */,
				81CE8C6B1D1D9D6200E28E57 /* Assets.xcassets */,
				81CE8C6D1D1D9D6200E28E57 /* LaunchScreen.storyboard */,
				81CE8C701D1D9D6200E28E57 /* Info.plist */,
			);
			path = LN_TrashSort;
			sourceTree = "<group>";
		};
/* End PBXGroup section */

/* Begin PBXNativeTarget section */
		81CE8C601D1D9D6200E28E57 /* LN_TrashSort */ = {
			isa = PBXNativeTarget;
			buildConfigurationList = 81CE8C731D1D9D6200E28E57 /* Build configuration list for PBXNativeTarget "LN_TrashSort" */;
			buildPhases = (
				81CE8C5D1D1D9D6200E28E57 /* Sources */,
				81CE8C5E1D1D9D6200E28E57 /* Frameworks */,
				81CE8C5F1D1D9D6200E28E57 /* Resources */,
			);
			buildRules = (
			);
			dependencies = (
			);
			name = LN_TrashSort;
			productName = LN_TrashSort;
			productReference = 81CE8C611D1D9D6200E28E57 /* LN_TrashSort.app */;
			productType = "com.apple.product-type.application";
		};
/* End PBXNativeTarget section */

/* Begin PBXProject section */
		81CE8C591D1D9D6100E28E57 /* Project object */ = {
			isa = PBXProject;
			attributes = {
				LastSwiftUpdateCheck = 0730;
				LastUpgradeCheck = 0730;
				ORGANIZATIONNAME = "Luca Hagel";
				TargetAttributes = {
					81CE8C601D1D9D6200E28E57 = {
						CreatedOnToolsVersion = 7.3.1;
					};
				};
			};
			buildConfigurationList = 81CE8C5C1D1D9D6100E28E57 /* Build configuration list for PBXProject "LN_TrashSort" */;
			compatibilityVersion = "Xcode 3.2";
			developmentRegion = English;
			hasScannedForEncodings = 0;
			knownRegions = (
				en,
				Base,
			);
			mainGroup = 81CE8C581D1D9D6100E28E57;
			productRefGroup = 81CE8C621D1D9D6200E28E57 /* Products */;
			projectDirPath = "";
			projectRoot = "";
			targets = (
				81CE8C601D1D9D6200E28E57 /* LN_TrashSort */,
			);
		};
/* End PBXProject section */

/* Begin PBXResourcesBuildPhase section */
		81CE8C5F1D1D9D6200E28E57 /* Resources */ = {
			isa = PBXResourcesBuildPhase;
			buildActionMask = 2147483647;
			files = (
				81CE8C6F1D1D9D6200E28E57 /* LaunchScreen.storyboard in Resources */,
				81CE8C6C1D1D9D6200E28E57 /* Assets.xcassets in Resources */,
				81CE8C6A1D1D9D6200E28E57 /* Main.storyboard in Resources */,
			);
			runOnlyForDeploymentPostprocessing = 0;
		};
/* End PBXResourcesBuildPhase section */

/* Begin PBXSourcesBuildPhase section */
		81CE8C5D1D1D9D6200E28E57 /* Sources */ = {
			isa = PBXSourcesBuildPhase;
			buildActionMask = 2147483647;
			files = (
				81CE8C671D1D9D6200E28E57 /* ViewController.swift in Sources */,
				81CE8C651D1D9D6200E28E57 /* AppDelegate.swift in Sources */,
			);
			runOnlyForDeploymentPostprocessing = 0;
		};
/* End PBXSourcesBuildPhase section */

/* Begin PBXVariantGroup section */
		81CE8C681D1D9D6200E28E57 /* Main.storyboard */ = {
			isa = PBXVariantGroup;
			children = (
				81CE8C691D1D9D6200E28E57 /* Base */,
			);
			name = Main.storyboard;
			sourceTree = "<group>";
		};
		81CE8C6D1D1D9D6200E28E57 /* LaunchScreen.storyboard */ = {
			isa = PBXVariantGroup;
			children = (
				81CE8C6E1D1D9D6200E28E57 /* Base */,
			);
			name = LaunchScreen.storyboard;
			sourceTree = "<group>";
		};
/* End PBXVariantGroup section */

/* Begin XCBuildConfiguration section */
		81CE8C711D1D9D6200E28E57 /* Debug */ = {
			isa = XCBuildConfiguration;
			buildSettings = {
				ALWAYS_SEARCH_USER_PATHS = NO;
				CLANG_ANALYZER_NONNULL = YES;
				CLANG_CXX_LANGUAGE_STANDARD = "gnu++0x";
				CLANG_CXX_LIBRARY = "libc++";
				CLANG_ENABLE_MODULES = YES;
				CLANG_ENABLE_OBJC_ARC = YES;
				CLANG_WARN_BOOL_CONVERSION = YES;
				CLANG_WARN_CONSTANT_CONVERSION = YES;
				CLANG_WARN_DIRECT_OBJC_ISA_USAGE = YES_ERROR;
				CLANG_WARN_EMPTY_BODY = YES;
				CLANG_WARN_ENUM_CONVERSION = YES;
				CLANG_WARN_INT_CONVERSION = YES;
				CLANG_WARN_OBJC_ROOT_CLASS = YES_ERROR;
				CLANG_WARN_UNREACHABLE_CODE = YES;
				CLANG_WARN__DUPLICATE_METHOD_MATCH = YES;
				"CODE_SIGN_IDENTITY[sdk=iphoneos*]" = "iPhone Developer";
				COPY_PHASE_STRIP = NO;
				DEBUG_INFORMATION_FORMAT = dwarf;
				ENABLE_STRICT_OBJC_MSGSEND = YES;
				ENABLE_TESTABILITY = YES;
				GCC_C_LANGUAGE_STANDARD = gnu99;
				GCC_DYNAMIC_NO_PIC = NO;
				GCC_NO_COMMON_BLOCKS = YES;
				GCC_OPTIMIZATION_LEVEL = 0;
				GCC_PREPROCESSOR_DEFINITIONS = (
					"DEBUG=1",
					"$(inherited)",
				);
				GCC_WARN_64_TO_32_BIT_CONVERSION = YES;
				GCC_WARN_ABOUT_RETURN_TYPE = YES_ERROR;
				GCC_WARN_UNDECLARED_SELECTOR = YES;
				GCC_WARN_UNINITIALIZED_AUTOS = YES_AGGRESSIVE;
				GCC_WARN_UNUSED_FUNCTION = YES;
				GCC_WARN_UNUSED_VARIABLE = YES;
				IPHONEOS_DEPLOYMENT_TARGET = 9.3;
				MTL_ENABLE_DEBUG_INFO = YES;
				ONLY_ACTIVE_ARCH = YES;
				SDKROOT = iphoneos;
				SWIFT_OPTIMIZATION_LEVEL = "-Onone";
			};
			name = Debug;
		};
		81CE8C721D1D9D6200E28E57 /* Release */ = {
			isa = XCBuildConfiguration;
			buildSettings = {
				ALWAYS_SEARCH_USER_PATHS = NO;
				CLANG_ANALYZER_NONNULL = YES;
				CLANG_CXX_LANGUAGE_STANDARD = "gnu++0x";
				CLANG_CXX_LIBRARY = "libc++";
				CLANG_ENABLE_MODULES = YES;
				CLANG_ENABLE_OBJC_ARC = YES;
				CLANG_WARN_BOOL_CONVERSION = YES;
				CLANG_WARN_CONSTANT_CONVERSION = YES;
				CLANG_WARN_DIRECT_OBJC_ISA_USAGE = YES_ERROR;
				CLANG_WARN_EMPTY_BODY = YES;
				CLANG_WARN_ENUM_CONVERSION = YES;
				CLANG_WARN_INT_CONVERSION = YES;
				CLANG_WARN_OBJC_ROOT_CLASS = YES_ERROR;
				CLANG_WARN_UNREACHABLE_CODE = YES;
				CLANG_WARN__DUPLICATE_METHOD_MATCH = YES;
				"CODE_SIGN_IDENTITY[sdk=iphoneos*]" = "iPhone Developer";
				COPY_PHASE_STRIP = NO;
				DEBUG_INFORMATION_FORMAT = "dwarf-with-dsym";
				ENABLE_NS_ASSERTIONS = NO;
				ENABLE_STRICT_OBJC_MSGSEND = YES;
				GCC_C_LANGUAGE_STANDARD = gnu99;
				GCC_NO_COMMON_BLOCKS = YES;
				GCC_WARN_64_TO_32_BIT_CONVERSION = YES;
				GCC_WARN_ABOUT_RETURN_TYPE = YES_ERROR;
				GCC_WARN_UNDECLARED_SELECTOR = YES;
				GCC_WARN_UNINITIALIZED_AUTOS = YES_AGGRESSIVE;
				GCC_WARN_UNUSED_FUNCTION = YES;
				GCC_WARN_UNUSED_VARIABLE = YES;
				IPHONEOS_DEPLOYMENT_TARGET = 9.3;
				MTL_ENABLE_DEBUG_INFO = NO;
				SDKROOT = iphoneos;
				VALIDATE_PRODUCT = YES;
			};
			name = Release;
		};
		81CE8C741D1D9D6200E28E57 /* Debug */ = {
			isa = XCBuildConfiguration;
			buildSettings = {
				ASSETCATALOG_COMPILER_APPICON_NAME = AppIcon;
				INFOPLIST_FILE = LN_TrashSort/Info.plist;
				LD_RUNPATH_SEARCH_PATHS = "$(inherited) @executable_path/Frameworks";
				PRODUCT_BUNDLE_IDENTIFIER = "com.lhagel.LN-TrashSort";
				PRODUCT_NAME = "$(TARGET_NAME)";
			};
			name = Debug;
		};
		81CE8C751D1D9D6200E28E57 /* Release */ = {
			isa = XCBuildConfiguration;
			buildSettings = {
				ASSETCATALOG_COMPILER_APPICON_NAME = AppIcon;
				INFOPLIST_FILE = LN_TrashSort/Info.plist;
				LD_RUNPATH_SEARCH_PATHS = "$(inherited) @executable_path/Frameworks";
				PRODUCT_BUNDLE_IDENTIFIER = "com.lhagel.LN-TrashSort";
				PRODUCT_NAME = "$(TARGET_NAME)";
			};
			name = Release;
		};
/* End XCBuildConfiguration section */

/* Begin XCConfigurationList section */
		81CE8C5C1D1D9D6100E28E57 /* Build configuration list for PBXProject "LN_TrashSort" */ = {
			isa = XCConfigurationList;
			buildConfigurations = (
				81CE8C711D1D9D6200E28E57 /* Debug */,
				81CE8C721D1D9D6200E28E57 /* Release */,
			);
			defaultConfigurationIsVisible = 0;
			defaultConfigurationName = Release;
		};
		81CE8C731D1D9D6200E28E57 /* Build configuration list for PBXNativeTarget "LN_TrashSort" */ = {
			isa = XCConfigurationList;
			buildConfigurations = (
				81CE8C741D1D9D6200E28E57 /* Debug */,
				81CE8C751D1D9D6200E28E57 /* Release */,
			);
			defaultConfigurationIsVisible = 0;
		};
/* End XCConfigurationList section */
	};
	rootObject = 81CE8C591D1D9D6100E28E57 /* Project object */;
}
